<?xml version="1.0" encoding="utf-8"?>
<Project ToolsVersion="4.0" xmlns="http://schemas.microsoft.com/developer/msbuild/2003">
  <ItemGroup>
    <Filter Include="Source Files">
      <UniqueIdentifier>{4FC737F1-C7A5-4376-A066-2A32D752A2FF}</UniqueIdentifier>
      <Extensions>cpp;c;cc;cxx;def;odl;idl;hpj;bat;asm;asmx</Extensions>
    </Filter>
    <Filter Include="Header Files">
      <UniqueIdentifier>{93995380-89BD-4b04-88EB-625FBE52EBFB}</UniqueIdentifier>
      <Extensions>h;hh;hpp;hxx;hm;inl;inc;xsd</Extensions>
    </Filter>
    <Filter Include="Resource Files">
      <UniqueIdentifier>{67DA6AB6-F800-4c08-8B7A-83BB121AAD01}</UniqueIdentifier>
      <Extensions>rc;ico;cur;bmp;dlg;rc2;rct;bin;rgs;gif;jpg;jpeg;jpe;resx;tiff;tif;png;wav;mfcribbon-ms</Extensions>
    </Filter>
    <Filter Include="TestJsonFiles">
      <UniqueIdentifier>{3caa0b31-9328-462d-b5d7-e393773344e9}</UniqueIdentifier>
    </Filter>
  </ItemGroup>
  <ItemGroup>
    <Text Include="ReadMe.txt" />
  </ItemGroup>
  <ItemGroup>
    <ClInclude Include="stdafx.h">
      <Filter>Header Files</Filter>
    </ClInclude>
    <ClInclude Include="targetver.h">
      <Filter>Header Files</Filter>
    </ClInclude>
    <ClInclude Include="..\..\shared\ObjectModel\pch.h">
      <Filter>Header Files</Filter>
    </ClInclude>
    <ClInclude Include="..\..\shared\cpp\ObjectModel\AdaptiveCard.h">
      <Filter>Header Files</Filter>
    </ClInclude>
    <ClInclude Include="..\..\shared\cpp\ObjectModel\AdaptiveCardParseException.h">
      <Filter>Header Files</Filter>
    </ClInclude>
    <ClInclude Include="..\..\shared\cpp\ObjectModel\BaseActionElement.h">
      <Filter>Header Files</Filter>
    </ClInclude>
    <ClInclude Include="..\..\shared\cpp\ObjectModel\BaseCardElement.h">
      <Filter>Header Files</Filter>
    </ClInclude>
    <ClInclude Include="..\..\shared\cpp\ObjectModel\BaseInputElement.h">
      <Filter>Header Files</Filter>
    </ClInclude>
    <ClInclude Include="..\..\shared\cpp\ObjectModel\ChoiceInput.h">
      <Filter>Header Files</Filter>
    </ClInclude>
    <ClInclude Include="..\..\shared\cpp\ObjectModel\ChoiceSetInput.h">
      <Filter>Header Files</Filter>
    </ClInclude>
    <ClInclude Include="..\..\shared\cpp\ObjectModel\Column.h">
      <Filter>Header Files</Filter>
    </ClInclude>
    <ClInclude Include="..\..\shared\cpp\ObjectModel\ColumnSet.h">
      <Filter>Header Files</Filter>
    </ClInclude>
    <ClInclude Include="..\..\shared\cpp\ObjectModel\Container.h">
      <Filter>Header Files</Filter>
    </ClInclude>
    <ClInclude Include="..\..\shared\cpp\ObjectModel\DateInput.h">
      <Filter>Header Files</Filter>
    </ClInclude>
    <ClInclude Include="..\..\shared\cpp\ObjectModel\Enums.h">
      <Filter>Header Files</Filter>
    </ClInclude>
    <ClInclude Include="..\..\shared\cpp\ObjectModel\Fact.h">
      <Filter>Header Files</Filter>
    </ClInclude>
    <ClInclude Include="..\..\shared\cpp\ObjectModel\FactSet.h">
      <Filter>Header Files</Filter>
    </ClInclude>
    <ClInclude Include="..\..\shared\cpp\ObjectModel\HostConfig.h">
      <Filter>Header Files</Filter>
    </ClInclude>
    <ClInclude Include="..\..\shared\cpp\ObjectModel\HttpAction.h">
      <Filter>Header Files</Filter>
    </ClInclude>
    <ClInclude Include="..\..\shared\cpp\ObjectModel\Image.h">
      <Filter>Header Files</Filter>
    </ClInclude>
    <ClInclude Include="..\..\shared\cpp\ObjectModel\ImageSet.h">
      <Filter>Header Files</Filter>
    </ClInclude>
    <ClInclude Include="..\..\shared\cpp\ObjectModel\NumberInput.h">
      <Filter>Header Files</Filter>
    </ClInclude>
    <ClInclude Include="..\..\shared\cpp\ObjectModel\OpenUrlAction.h">
      <Filter>Header Files</Filter>
    </ClInclude>
    <ClInclude Include="..\..\shared\cpp\ObjectModel\ParseUtil.h">
      <Filter>Header Files</Filter>
    </ClInclude>
    <ClInclude Include="..\..\shared\cpp\ObjectModel\pch.h">
      <Filter>Header Files</Filter>
    </ClInclude>
    <ClInclude Include="..\..\shared\cpp\ObjectModel\ShowCardAction.h">
      <Filter>Header Files</Filter>
    </ClInclude>
    <ClInclude Include="..\..\shared\cpp\ObjectModel\SubmitAction.h">
      <Filter>Header Files</Filter>
    </ClInclude>
    <ClInclude Include="..\..\shared\cpp\ObjectModel\TextBlock.h">
      <Filter>Header Files</Filter>
    </ClInclude>
    <ClInclude Include="..\..\shared\cpp\ObjectModel\TextInput.h">
      <Filter>Header Files</Filter>
    </ClInclude>
    <ClInclude Include="..\..\shared\cpp\ObjectModel\TimeInput.h">
      <Filter>Header Files</Filter>
    </ClInclude>
    <ClInclude Include="..\..\shared\cpp\ObjectModel\ToggleInput.h">
      <Filter>Header Files</Filter>
    </ClInclude>
  </ItemGroup>
  <ItemGroup>
    <ClCompile Include="stdafx.cpp">
      <Filter>Source Files</Filter>
    </ClCompile>
    <ClCompile Include="ObjectModelTest.cpp">
      <Filter>Source Files</Filter>
    </ClCompile>
    <ClCompile Include="..\..\shared\cpp\ObjectModel\AdaptiveCard.cpp">
      <Filter>Source Files</Filter>
    </ClCompile>
    <ClCompile Include="..\..\shared\cpp\ObjectModel\AdaptiveCardParseException.cpp">
      <Filter>Source Files</Filter>
    </ClCompile>
    <ClCompile Include="..\..\shared\cpp\ObjectModel\BaseActionElement.cpp">
      <Filter>Source Files</Filter>
    </ClCompile>
    <ClCompile Include="..\..\shared\cpp\ObjectModel\BaseCardElement.cpp">
      <Filter>Source Files</Filter>
    </ClCompile>
    <ClCompile Include="..\..\shared\cpp\ObjectModel\BaseInputElement.cpp">
      <Filter>Source Files</Filter>
    </ClCompile>
    <ClCompile Include="..\..\shared\cpp\ObjectModel\ChoiceInput.cpp">
      <Filter>Source Files</Filter>
    </ClCompile>
    <ClCompile Include="..\..\shared\cpp\ObjectModel\ChoiceSetInput.cpp">
      <Filter>Source Files</Filter>
    </ClCompile>
    <ClCompile Include="..\..\shared\cpp\ObjectModel\Column.cpp">
      <Filter>Source Files</Filter>
    </ClCompile>
    <ClCompile Include="..\..\shared\cpp\ObjectModel\ColumnSet.cpp">
      <Filter>Source Files</Filter>
    </ClCompile>
    <ClCompile Include="..\..\shared\cpp\ObjectModel\Container.cpp">
      <Filter>Source Files</Filter>
    </ClCompile>
    <ClCompile Include="..\..\shared\cpp\ObjectModel\DateInput.cpp">
      <Filter>Source Files</Filter>
    </ClCompile>
    <ClCompile Include="..\..\shared\cpp\ObjectModel\Enums.cpp">
      <Filter>Source Files</Filter>
    </ClCompile>
    <ClCompile Include="..\..\shared\cpp\ObjectModel\Fact.cpp">
      <Filter>Source Files</Filter>
    </ClCompile>
    <ClCompile Include="..\..\shared\cpp\ObjectModel\FactSet.cpp">
      <Filter>Source Files</Filter>
    </ClCompile>
    <ClCompile Include="..\..\shared\cpp\ObjectModel\HostConfig.cpp">
      <Filter>Source Files</Filter>
    </ClCompile>
    <ClCompile Include="..\..\shared\cpp\ObjectModel\HttpAction.cpp">
      <Filter>Source Files</Filter>
    </ClCompile>
    <ClCompile Include="..\..\shared\cpp\ObjectModel\Image.cpp">
      <Filter>Source Files</Filter>
    </ClCompile>
    <ClCompile Include="..\..\shared\cpp\ObjectModel\ImageSet.cpp">
      <Filter>Source Files</Filter>
    </ClCompile>
    <ClCompile Include="..\..\shared\cpp\ObjectModel\jsoncpp.cpp">
      <Filter>Source Files</Filter>
    </ClCompile>
    <ClCompile Include="..\..\shared\cpp\ObjectModel\NumberInput.cpp">
      <Filter>Source Files</Filter>
    </ClCompile>
    <ClCompile Include="..\..\shared\cpp\ObjectModel\OpenUrlAction.cpp">
      <Filter>Source Files</Filter>
    </ClCompile>
    <ClCompile Include="..\..\shared\cpp\ObjectModel\ParseUtil.cpp">
      <Filter>Source Files</Filter>
    </ClCompile>
    <ClCompile Include="..\..\shared\cpp\ObjectModel\ShowCardAction.cpp">
      <Filter>Source Files</Filter>
    </ClCompile>
    <ClCompile Include="..\..\shared\cpp\ObjectModel\SubmitAction.cpp">
      <Filter>Source Files</Filter>
    </ClCompile>
    <ClCompile Include="..\..\shared\cpp\ObjectModel\TextBlock.cpp">
      <Filter>Source Files</Filter>
    </ClCompile>
    <ClCompile Include="..\..\shared\cpp\ObjectModel\TextInput.cpp">
      <Filter>Source Files</Filter>
    </ClCompile>
    <ClCompile Include="..\..\shared\cpp\ObjectModel\TimeInput.cpp">
      <Filter>Source Files</Filter>
    </ClCompile>
    <ClCompile Include="..\..\shared\cpp\ObjectModel\ToggleInput.cpp">
      <Filter>Source Files</Filter>
    </ClCompile>
  </ItemGroup>
  <ItemGroup>
    <None Include="TestJsonFiles\nounicode.json">
      <Filter>TestJsonFiles</Filter>
    </None>
    <None Include="TestJsonFiles\test1.json">
      <Filter>TestJsonFiles</Filter>
    </None>
    <None Include="TestJsonFiles\textblock_noUnicode.json">
      <Filter>TestJsonFiles</Filter>
    </None>
    <None Include="TestJsonFiles\imagetest.json">
      <Filter>TestJsonFiles</Filter>
    </None>
  </ItemGroup>
</Project>